{
  "version": "5",
  "specifiers": {
    "jsr:@supabase/functions-js@*": "2.5.0"
  },
  "jsr": {
    "@supabase/functions-js@2.5.0": {
      "integrity": "c48e3fc5da1510ce6dab34af3fc49cd637ea7b721d92faffd0545cbdcc548430"
    }
  },
  "redirects": {
    "https://esm.sh/@supabase/node-fetch@^2.6.13?target=denonext": "https://esm.sh/@supabase/node-fetch@2.6.15?target=denonext",
    "https://esm.sh/@supabase/node-fetch@^2.6.14?target=denonext": "https://esm.sh/@supabase/node-fetch@2.6.15?target=denonext",
    "https://esm.sh/@supabase/supabase-js@2": "https://esm.sh/@supabase/supabase-js@2.58.0",
    "https://esm.sh/tr46@~0.0.3?target=denonext": "https://esm.sh/tr46@0.0.3?target=denonext",
    "https://esm.sh/webidl-conversions@^3.0.0?target=denonext": "https://esm.sh/webidl-conversions@3.0.1?target=denonext",
    "https://esm.sh/whatwg-url@^5.0.0?target=denonext": "https://esm.sh/whatwg-url@5.0.0?target=denonext"
  },
  "remote": {
    "https://esm.sh/@supabase/auth-js@2.72.0/denonext/auth-js.mjs": "10cbbc4c0ecefc50d6405b050eb5f1e8569a48cb5946eac804509288861bea49",
    "https://esm.sh/@supabase/functions-js@2.5.0/denonext/functions-js.mjs": "645db5cac9935930b4662d500fc70213d32d4717ca73d6fac0cb8127059a3f7a",
    "https://esm.sh/@supabase/node-fetch@2.6.15/denonext/node-fetch.mjs": "0bae9052231f4f6dbccc7234d05ea96923dbf967be12f402764580b6bf9f713d",
    "https://esm.sh/@supabase/node-fetch@2.6.15?target=denonext": "4d28c4ad97328403184353f68434f2b6973971507919e9150297413664919cf3",
    "https://esm.sh/@supabase/postgrest-js@1.21.4/denonext/postgrest-js.mjs": "c3769b11ef02debc78ecf6ab4e152d3cf7dbd05bbbafeb72c160e76cc57cda3c",
    "https://esm.sh/@supabase/realtime-js@2.15.5/denonext/realtime-js.mjs": "518bdc73c29b502ba4dcf7ce2dff0ff8c1cbd8e5978f7ea2435af8214ea45dd5",
    "https://esm.sh/@supabase/storage-js@2.12.2/denonext/storage-js.mjs": "9d8c1d572691696db0294fe3a7c08991b63d704f56a1ec3d0d75907f417ca5e4",
    "https://esm.sh/@supabase/supabase-js@2.58.0": "7dabd2478b8ee4e38a36544ae38af5f437d745f55bc52d6cb0841e57b21c32a4",
    "https://esm.sh/@supabase/supabase-js@2.58.0/denonext/supabase-js.mjs": "a8631669bd5bf3242db4cd6b098270f250fc12672b787ac9801fa0d4a07aea65",
    "https://esm.sh/tr46@0.0.3/denonext/tr46.mjs": "5753ec0a99414f4055f0c1f97691100f13d88e48a8443b00aebb90a512785fa2",
    "https://esm.sh/tr46@0.0.3?target=denonext": "19cb9be0f0d418a0c3abb81f2df31f080e9540a04e43b0f699bce1149cba0cbb",
    "https://esm.sh/webidl-conversions@3.0.1/denonext/webidl-conversions.mjs": "54b5c2d50a294853c4ccebf9d5ed8988c94f4e24e463d84ec859a866ea5fafec",
    "https://esm.sh/webidl-conversions@3.0.1?target=denonext": "4e20318d50528084616c79d7b3f6e7f0fe7b6d09013bd01b3974d7448d767e29",
    "https://esm.sh/whatwg-url@5.0.0/denonext/whatwg-url.mjs": "29b16d74ee72624c915745bbd25b617cfd2248c6af0f5120d131e232a9a9af79",
    "https://esm.sh/whatwg-url@5.0.0?target=denonext": "f001a2cadf81312d214ca330033f474e74d81a003e21e8c5d70a1f46dc97b02d"
  }
}
